
Microsoft Visual Studio Solution File, Format Version 12.00
# Visual Studio Version 17
VisualStudioVersion = 17.5.33414.496
MinimumVisualStudioVersion = 10.0.40219.1
Project("{FAE04EC0-301F-11D3-BF4B-00C04F79EFBC}") = "FatorialRecursivo", "FatorialRecursivo\FatorialRecursivo.csproj", "{AB7C3367-702C-4552-9BC9-ACD0B369EBCD}"
EndProject
Global
	GlobalSection(SolutionConfigurationPlatforms) = preSolution
		Debug|Any CPU = Debug|Any CPU
		Release|Any CPU = Release|Any CPU
	EndGlobalSection
	GlobalSection(ProjectConfigurationPlatforms) = postSolution
		{AB7C3367-702C-4552-9BC9-ACD0B369EBCD}.Debug|Any CPU.ActiveCfg = Debug|Any CPU
		{AB7C3367-702C-4552-9BC9-ACD0B369EBCD}.Debug|Any CPU.Build.0 = Debug|Any CPU
		{AB7C3367-702C-4552-9BC9-ACD0B369EBCD}.Release|Any CPU.ActiveCfg = Release|Any CPU
		{AB7C3367-702C-4552-9BC9-ACD0B369EBCD}.Release|Any CPU.Build.0 = Release|Any CPU
	EndGlobalSection
	GlobalSection(SolutionProperties) = preSolution
		HideSolutionNode = FALSE
	EndGlobalSection
	GlobalSection(ExtensibilityGlobals) = postSolution
		SolutionGuid = {39444A79-BF4C-42FC-A364-7C2B707888E2}
	EndGlobalSection
EndGlobal
